PODS:
  - audio_session (0.0.1):
    - Flutter
  - audioplayers_darwin (0.0.1):
    - Flutter
  - better_player (0.0.1):
    - Cache (~> 6.0.0)
    - Flutter
    - GCDWebServer
    - HLSCachingReverseProxyServer
    - PINCache
  - Cache (6.0.0)
  - Flutter (1.0.0)
  - FMDB (2.7.5):
    - FMDB/standard (= 2.7.5)
  - FMDB/standard (2.7.5)
  - GCDWebServer (3.5.4):
    - GCDWebServer/Core (= 3.5.4)
  - GCDWebServer/Core (3.5.4)
  - HLSCachingReverseProxyServer (0.1.0):
    - GCDWebServer (~> 3.5)
    - PINCache (>= 3.0.1-beta.3)
  - just_audio (0.0.1):
    - Flutter
  - path_provider_foundation (0.0.1):
    - Flutter
    - FlutterMacOS
  - PINCache (3.0.3):
    - PINCache/Arc-exception-safe (= 3.0.3)
    - PINCache/Core (= 3.0.3)
  - PINCache/Arc-exception-safe (3.0.3):
    - PINCache/Core
  - PINCache/Core (3.0.3):
    - PINOperation (~> 1.2.1)
  - PINOperation (1.2.2)
  - record_darwin (1.0.0):
    - Flutter
    - FlutterMacOS
  - rive_common (0.0.1):
    - Flutter
  - shared_preferences_foundation (0.0.1):
    - Flutter
    - FlutterMacOS
  - sqflite (0.0.3):
    - Flutter
    - FMDB (>= 2.7.5)
  - video_player_avfoundation (0.0.1):
    - Flutter
    - FlutterMacOS
  - wakelock (0.0.1):
    - Flutter
  - webview_flutter_wkwebview (0.0.1):
    - Flutter

DEPENDENCIES:
  - audio_session (from `.symlinks/plugins/audio_session/ios`)
  - audioplayers_darwin (from `.symlinks/plugins/audioplayers_darwin/ios`)
  - better_player (from `.symlinks/plugins/better_player/ios`)
  - Flutter (from `Flutter`)
  - just_audio (from `.symlinks/plugins/just_audio/ios`)
  - path_provider_foundation (from `.symlinks/plugins/path_provider_foundation/darwin`)
  - record_darwin (from `.symlinks/plugins/record_darwin/ios`)
  - rive_common (from `.symlinks/plugins/rive_common/ios`)
  - shared_preferences_foundation (from `.symlinks/plugins/shared_preferences_foundation/darwin`)
  - sqflite (from `.symlinks/plugins/sqflite/ios`)
  - video_player_avfoundation (from `.symlinks/plugins/video_player_avfoundation/darwin`)
  - wakelock (from `.symlinks/plugins/wakelock/ios`)
  - webview_flutter_wkwebview (from `.symlinks/plugins/webview_flutter_wkwebview/ios`)

SPEC REPOS:
  trunk:
    - Cache
    - FMDB
    - GCDWebServer
    - HLSCachingReverseProxyServer
    - PINCache
    - PINOperation

EXTERNAL SOURCES:
  audio_session:
    :path: ".symlinks/plugins/audio_session/ios"
  audioplayers_darwin:
    :path: ".symlinks/plugins/audioplayers_darwin/ios"
  better_player:
    :path: ".symlinks/plugins/better_player/ios"
  Flutter:
    :path: Flutter
  just_audio:
    :path: ".symlinks/plugins/just_audio/ios"
  path_provider_foundation:
    :path: ".symlinks/plugins/path_provider_foundation/darwin"
  record_darwin:
    :path: ".symlinks/plugins/record_darwin/ios"
  rive_common:
    :path: ".symlinks/plugins/rive_common/ios"
  shared_preferences_foundation:
    :path: ".symlinks/plugins/shared_preferences_foundation/darwin"
  sqflite:
    :path: ".symlinks/plugins/sqflite/ios"
  video_player_avfoundation:
    :path: ".symlinks/plugins/video_player_avfoundation/darwin"
  wakelock:
    :path: ".symlinks/plugins/wakelock/ios"
  webview_flutter_wkwebview:
    :path: ".symlinks/plugins/webview_flutter_wkwebview/ios"

SPEC CHECKSUMS:
  audio_session: 4f3e461722055d21515cf3261b64c973c062f345
  audioplayers_darwin: 877d9a4d06331c5c374595e46e16453ac7eafa40
  better_player: 2406bfe8175203c7a46fa15f9d778d73b12e1646
  Cache: 4ca7e00363fca5455f26534e5607634c820ffc2d
  Flutter: e0871f40cf51350855a761d2e70bf5af5b9b5de7
  FMDB: 2ce00b547f966261cd18927a3ddb07cb6f3db82a
  GCDWebServer: 2c156a56c8226e2d5c0c3f208a3621ccffbe3ce4
  HLSCachingReverseProxyServer: 59935e1e0244ad7f3375d75b5ef46e8eb26ab181
  just_audio: baa7252489dbcf47a4c7cc9ca663e9661c99aafa
  path_provider_foundation: 3784922295ac71e43754bd15e0653ccfd36a147c
  PINCache: 7a8fc1a691173d21dbddbf86cd515de6efa55086
  PINOperation: daa34d4aa1d8449089be7d405b9d974abc4724c6
  record_darwin: 1f6619f2abac4d1ca91d3eeab038c980d76f1517
  rive_common: 3a4c254c6e4db7e4b9e05daeb3d1f47ae4f7bf76
  shared_preferences_foundation: b4c3b4cddf1c21f02770737f147a3f5da9d39695
  sqflite: 31f7eba61e3074736dff8807a9b41581e4f7f15a
  video_player_avfoundation: 02011213dab73ae3687df27ce441fbbcc82b5579
  wakelock: d0fc7c864128eac40eba1617cb5264d9c940b46f
  webview_flutter_wkwebview: be0f0d33777f1bfd0c9fdcb594786704dbf65f36

PODFILE CHECKSUM: afea214dc256c50378f06b9c05182772ccfac828

COCOAPODS: 1.14.3
